{
  "nodes": {
    "agenix": {
      "inputs": {
        "darwin": "darwin",
        "home-manager": [
          "home-manager"
        ],
        "nixpkgs": [
          "nixpkgs"
        ],
        "systems": "systems"
      },
      "locked": {
        "lastModified": 1707830867,
        "narHash": "sha256-PAdwm5QqdlwIqGrfzzvzZubM+FXtilekQ/FA0cI49/o=",
        "owner": "ryantm",
        "repo": "agenix",
        "rev": "8cb01a0e717311680e0cbca06a76cbceba6f3ed6",
        "type": "github"
      },
      "original": {
        "owner": "ryantm",
        "repo": "agenix",
        "type": "github"
      }
    },
    "agenix-cli": {
      "inputs": {
        "flake-utils": "flake-utils",
        "nixpkgs": [
          "nixpkgs"
        ]
      },
      "locked": {
        "lastModified": 1641404293,
        "narHash": "sha256-0+QVY1sDhGF4hAN6m2FdKZgm9V1cuGGjY4aitRBnvKg=",
        "owner": "cole-h",
        "repo": "agenix-cli",
        "rev": "77fccec4ed922a0f5f55ed964022b0db7d99f07d",
        "type": "github"
      },
      "original": {
        "owner": "cole-h",
        "repo": "agenix-cli",
        "type": "github"
      }
    },
    "darwin": {
      "inputs": {
        "nixpkgs": [
          "agenix",
          "nixpkgs"
        ]
      },
      "locked": {
        "lastModified": 1700795494,
        "narHash": "sha256-gzGLZSiOhf155FW7262kdHo2YDeugp3VuIFb4/GGng0=",
        "owner": "lnl7",
        "repo": "nix-darwin",
        "rev": "4b9b83d5a92e8c1fbfd8eb27eda375908c11ec4d",
        "type": "github"
      },
      "original": {
        "owner": "lnl7",
        "ref": "master",
        "repo": "nix-darwin",
        "type": "github"
      }
    },
    "dmenu": {
      "inputs": {
        "nixpkgs": [
          "nixpkgs"
        ]
      },
      "locked": {
        "lastModified": 1709992361,
        "narHash": "sha256-ES4IIHQD8hE67L0QdpUM0bpwGbZ42w64mioAOn11quA=",
        "owner": "Gerschtli",
        "repo": "dmenu",
        "rev": "3fba3a2489628d8b49cd06759e75e8a9af5a3949",
        "type": "github"
      },
      "original": {
        "owner": "Gerschtli",
        "repo": "dmenu",
        "type": "github"
      }
    },
    "dwm": {
      "inputs": {
        "nixpkgs": [
          "nixpkgs"
        ]
      },
      "locked": {
        "lastModified": 1709879845,
        "narHash": "sha256-tgoYpKs8jWJD2imyaK2qWE9ral4czHvGikeHF5bulZ8=",
        "owner": "Gerschtli",
        "repo": "dwm",
        "rev": "44afab9f490753c974ca59f35bd76c562fa43752",
        "type": "github"
      },
      "original": {
        "owner": "Gerschtli",
        "repo": "dwm",
        "type": "github"
      }
    },
    "dwm-status": {
      "inputs": {
        "naersk": "naersk",
        "nixpkgs": [
          "nixpkgs"
        ]
      },
      "locked": {
        "lastModified": 1710598326,
        "narHash": "sha256-EZYUOLCgIqYxo+O741Y0q3IbJkeOEJbDUC5sSujFp5U=",
        "owner": "Gerschtli",
        "repo": "dwm-status",
        "rev": "5a06c87e99aa0f65110a9c2c4a2787a15052b67d",
        "type": "github"
      },
      "original": {
        "owner": "Gerschtli",
        "repo": "dwm-status",
        "type": "github"
      }
    },
    "flake-utils": {
      "locked": {
        "lastModified": 1638122382,
        "narHash": "sha256-sQzZzAbvKEqN9s0bzWuYmRaA03v40gaJ4+iL1LXjaeI=",
        "owner": "numtide",
        "repo": "flake-utils",
        "rev": "74f7e4319258e287b0f9cb95426c9853b282730b",
        "type": "github"
      },
      "original": {
        "owner": "numtide",
        "repo": "flake-utils",
        "type": "github"
      }
    },
    "home-manager": {
      "inputs": {
        "nixpkgs": [
          "nixpkgs"
        ]
      },
      "locked": {
        "lastModified": 1710888565,
        "narHash": "sha256-s9Hi4RHhc6yut4EcYD50sZWRDKsugBJHSbON8KFwoTw=",
        "owner": "nix-community",
        "repo": "home-manager",
        "rev": "f33900124c23c4eca5831b9b5eb32ea5894375ce",
        "type": "github"
      },
      "original": {
        "owner": "nix-community",
        "ref": "release-23.11",
        "repo": "home-manager",
        "type": "github"
      }
    },
    "homeage": {
      "inputs": {
        "nixpkgs": [
          "nixpkgs"
        ]
      },
      "locked": {
        "lastModified": 1669234151,
        "narHash": "sha256-TwT87E3m2TZLgwYJESlype14HxUOrRGojPM5C2akrMg=",
        "owner": "jordanisaacs",
        "repo": "homeage",
        "rev": "02bfe4ca06962d222e522fff0240c93946b20278",
        "type": "github"
      },
      "original": {
        "owner": "jordanisaacs",
        "repo": "homeage",
        "type": "github"
      }
    },
    "impermanence": {
      "locked": {
        "lastModified": 1708968331,
        "narHash": "sha256-VUXLaPusCBvwM3zhGbRIJVeYluh2uWuqtj4WirQ1L9Y=",
        "owner": "nix-community",
        "repo": "impermanence",
        "rev": "a33ef102a02ce77d3e39c25197664b7a636f9c30",
        "type": "github"
      },
      "original": {
        "owner": "nix-community",
        "repo": "impermanence",
        "type": "github"
      }
    },
    "naersk": {
      "inputs": {
        "nixpkgs": [
          "dwm-status",
          "nixpkgs"
        ]
      },
      "locked": {
        "lastModified": 1653413650,
        "narHash": "sha256-wojDHjb+eU80MPH+3HQaK0liUy8EgR95rvmCl24i58Y=",
        "owner": "nmattia",
        "repo": "naersk",
        "rev": "69daaceebe12c070cd5ae69ba38f277bbf033695",
        "type": "github"
      },
      "original": {
        "owner": "nmattia",
        "repo": "naersk",
        "type": "github"
      }
    },
    "nix-formatter-pack": {
      "inputs": {
        "nixpkgs": [
          "nixpkgs"
        ],
        "nmd": "nmd",
        "nmt": "nmt"
      },
      "locked": {
        "lastModified": 1709879831,
        "narHash": "sha256-PZFXvKm929A3waipt2prRKYlNJvGQiBxWPDn/MIOKWo=",
        "owner": "Gerschtli",
        "repo": "nix-formatter-pack",
        "rev": "2499f41a01f1154c5a3b967aabe37d94e6b6d18b",
        "type": "github"
      },
      "original": {
        "owner": "Gerschtli",
        "repo": "nix-formatter-pack",
        "type": "github"
      }
    },
    "nix-index-database": {
      "inputs": {
        "nixpkgs": [
          "nixpkgs"
        ]
      },
      "locked": {
        "lastModified": 1711249705,
        "narHash": "sha256-h/NQECj6mIzF4XR6AQoSpkCnwqAM+ol4+qOdYi2ykmQ=",
        "owner": "Mic92",
        "repo": "nix-index-database",
        "rev": "34519f3bb678a5abbddf7b200ac5347263ee781b",
        "type": "github"
      },
      "original": {
        "owner": "Mic92",
        "repo": "nix-index-database",
        "type": "github"
      }
    },
    "nix-on-droid": {
      "inputs": {
        "home-manager": [
          "home-manager"
        ],
        "nix-formatter-pack": [
          "nix-formatter-pack"
        ],
        "nixpkgs": [
          "nixpkgs"
        ],
        "nixpkgs-docs": "nixpkgs-docs",
        "nixpkgs-for-bootstrap": "nixpkgs-for-bootstrap",
        "nmd": [
          "nix-formatter-pack",
          "nmd"
        ]
      },
      "locked": {
        "lastModified": 1710434231,
        "narHash": "sha256-yrWnsG28518tbIapJWiluweHORuuIwAQrA8lga0Sqlw=",
        "owner": "t184256",
        "repo": "nix-on-droid",
        "rev": "2d93311c4f3f300154d2085e4b4b1d550237da92",
        "type": "github"
      },
      "original": {
        "owner": "t184256",
        "repo": "nix-on-droid",
        "type": "github"
      }
    },
    "nixGL": {
      "inputs": {
        "flake-utils": [
          "agenix-cli",
          "flake-utils"
        ],
        "nixpkgs": [
          "nixpkgs"
        ]
      },
      "locked": {
        "lastModified": 1710868679,
        "narHash": "sha256-V1o2bCZdeYKP/0zgVp4EN0KUjMItAMk6J7SvCXUI5IU=",
        "owner": "guibou",
        "repo": "nixGL",
        "rev": "d709a8abcde5b01db76ca794280745a43c8662be",
        "type": "github"
      },
      "original": {
        "owner": "guibou",
        "repo": "nixGL",
        "type": "github"
      }
    },
    "nixpkgs": {
      "locked": {
        "lastModified": 1711124224,
        "narHash": "sha256-l0zlN/3CiodvWDtfBOVxeTwYSRz93muVbXWSpaMjXxM=",
        "owner": "NixOS",
        "repo": "nixpkgs",
        "rev": "56528ee42526794d413d6f244648aaee4a7b56c0",
        "type": "github"
      },
      "original": {
        "owner": "NixOS",
        "ref": "nixos-23.11",
        "repo": "nixpkgs",
        "type": "github"
      }
    },
    "nixpkgs-22-05": {
      "locked": {
        "lastModified": 1669418739,
        "narHash": "sha256-T86oFvcUIRwHWBWUt7WjaP4BP/3lDGbv5AppQSI1FkI=",
        "owner": "NixOS",
        "repo": "nixpkgs",
        "rev": "695b3515251873e0a7e2021add4bba643c56cde3",
        "type": "github"
      },
      "original": {
        "owner": "NixOS",
        "repo": "nixpkgs",
        "rev": "695b3515251873e0a7e2021add4bba643c56cde3",
        "type": "github"
      }
    },
    "nixpkgs-docs": {
      "locked": {
        "lastModified": 1705957679,
        "narHash": "sha256-Q8LJaVZGJ9wo33wBafvZSzapYsjOaNjP/pOnSiKVGHY=",
        "owner": "NixOS",
        "repo": "nixpkgs",
        "rev": "9a333eaa80901efe01df07eade2c16d183761fa3",
        "type": "github"
      },
      "original": {
        "owner": "NixOS",
        "ref": "release-23.05",
        "repo": "nixpkgs",
        "type": "github"
      }
    },
    "nixpkgs-for-bootstrap": {
      "locked": {
        "lastModified": 1708105575,
        "narHash": "sha256-sS4AItZeUnAei6v8FqxNlm+/27MPlfoGym/TZP0rmH0=",
        "owner": "NixOS",
        "repo": "nixpkgs",
        "rev": "1d1817869c47682a6bee85b5b0a6537b6c0fba26",
        "type": "github"
      },
      "original": {
        "owner": "NixOS",
        "repo": "nixpkgs",
        "rev": "1d1817869c47682a6bee85b5b0a6537b6c0fba26",
        "type": "github"
      }
    },
    "nixpkgs-jq-1-6": {
      "locked": {
        "lastModified": 1693206413,
        "narHash": "sha256-VMcQCZ/IYOvaQ0F1LBszswFshfX2VDHlvAUCEPMqIQA=",
        "owner": "NixOS",
        "repo": "nixpkgs",
        "rev": "b17d6431b00f4e002a0599e3f780bcfc525ebc3e",
        "type": "github"
      },
      "original": {
        "owner": "NixOS",
        "repo": "nixpkgs",
        "rev": "b17d6431b00f4e002a0599e3f780bcfc525ebc3e",
        "type": "github"
      }
    },
    "nmd": {
      "flake": false,
      "locked": {
        "lastModified": 1666190571,
        "narHash": "sha256-Z1hc7M9X6L+H83o9vOprijpzhTfOBjd0KmUTnpHAVjA=",
        "owner": "rycee",
        "repo": "nmd",
        "rev": "b75d312b4f33bd3294cd8ae5c2ca8c6da2afc169",
        "type": "gitlab"
      },
      "original": {
        "owner": "rycee",
        "repo": "nmd",
        "type": "gitlab"
      }
    },
    "nmt": {
      "flake": false,
      "locked": {
        "lastModified": 1648075362,
        "narHash": "sha256-u36WgzoA84dMVsGXzml4wZ5ckGgfnvS0ryzo/3zn/Pc=",
        "owner": "rycee",
        "repo": "nmt",
        "rev": "d83601002c99b78c89ea80e5e6ba21addcfe12ae",
        "type": "gitlab"
      },
      "original": {
        "owner": "rycee",
        "repo": "nmt",
        "type": "gitlab"
      }
    },
    "root": {
      "inputs": {
        "agenix": "agenix",
        "agenix-cli": "agenix-cli",
        "dmenu": "dmenu",
        "dwm": "dwm",
        "dwm-status": "dwm-status",
        "home-manager": "home-manager",
        "homeage": "homeage",
        "impermanence": "impermanence",
        "nix-formatter-pack": "nix-formatter-pack",
        "nix-index-database": "nix-index-database",
        "nix-on-droid": "nix-on-droid",
        "nixGL": "nixGL",
        "nixpkgs": "nixpkgs",
        "nixpkgs-22-05": "nixpkgs-22-05",
        "nixpkgs-jq-1-6": "nixpkgs-jq-1-6",
        "teamspeak-update-notifier": "teamspeak-update-notifier",
        "unstable": "unstable"
      }
    },
    "systems": {
      "locked": {
        "lastModified": 1681028828,
        "narHash": "sha256-Vy1rq5AaRuLzOxct8nz4T6wlgyUR7zLU309k9mBC768=",
        "owner": "nix-systems",
        "repo": "default",
        "rev": "da67096a3b9bf56a91d16901293e51ba5b49a27e",
        "type": "github"
      },
      "original": {
        "owner": "nix-systems",
        "repo": "default",
        "type": "github"
      }
    },
    "teamspeak-update-notifier": {
      "inputs": {
        "nixpkgs": [
          "nixpkgs"
        ]
      },
      "locked": {
        "lastModified": 1709992356,
        "narHash": "sha256-8/rDPzCRiWRHSlBIYNhliHvf2onJMFzt6bIsaoCgdJE=",
        "owner": "Gerschtli",
        "repo": "teamspeak-update-notifier",
        "rev": "79942d4ac5624002c9d097db80eec5cfb6ce1b8b",
        "type": "github"
      },
      "original": {
        "owner": "Gerschtli",
        "repo": "teamspeak-update-notifier",
        "type": "github"
      }
    },
    "unstable": {
      "locked": {
        "lastModified": 1711231723,
        "narHash": "sha256-dARJQ8AJOv6U+sdRePkbcVyVbXJTi1tReCrkkOeusiA=",
        "owner": "NixOS",
        "repo": "nixpkgs",
        "rev": "e1d501922fd7351da4200e1275dfcf5faaad1220",
        "type": "github"
      },
      "original": {
        "owner": "NixOS",
        "ref": "nixpkgs-unstable",
        "repo": "nixpkgs",
        "type": "github"
      }
    }
  },
  "root": "root",
  "version": 7
}
