{
  "nodes": {
    "agenix": {
      "inputs": {
        "nixpkgs": [
          "nixpkgs"
        ]
      },
      "locked": {
        "lastModified": 1637793790,
        "narHash": "sha256-oPXavjxETEWGXq8g7kQHyRLKUmLX2yPtGn+t3V0mrTY=",
        "owner": "ryantm",
        "repo": "agenix",
        "rev": "f85eea0e29fa9a8924571d0e398215e175f80d55",
        "type": "github"
      },
      "original": {
        "owner": "ryantm",
        "repo": "agenix",
        "type": "github"
      }
    },
    "agenix-cli": {
      "inputs": {
        "crate2nix": "crate2nix",
        "mozilla": "mozilla",
        "nixpkgs": [
          "nixpkgs"
        ]
      },
      "locked": {
        "lastModified": 1629751265,
        "narHash": "sha256-DGuw2jFeXFUgVo39fsB9cTGijNzmchUGbtfs8NNBz7A=",
        "owner": "cole-h",
        "repo": "agenix-cli",
        "rev": "c6d8f80ef48544d569ff54a62a481b24260f43d7",
        "type": "github"
      },
      "original": {
        "owner": "cole-h",
        "repo": "agenix-cli",
        "type": "github"
      }
    },
    "crate2nix": {
      "flake": false,
      "locked": {
        "lastModified": 1614443448,
        "narHash": "sha256-E5dg/EwJKvEhU/KYJC/Hblm+Vw88rtj++GN+p9dNPpE=",
        "owner": "kolloch",
        "repo": "crate2nix",
        "rev": "5dd04e6de2fbdbeb067ab701de8ec29bc228c389",
        "type": "github"
      },
      "original": {
        "owner": "kolloch",
        "repo": "crate2nix",
        "type": "github"
      }
    },
    "dmenu": {
      "inputs": {
        "nixpkgs": [
          "nixpkgs"
        ]
      },
      "locked": {
        "lastModified": 1636928490,
        "narHash": "sha256-84JpRVov44PpmxzF+UyS43yeEtDqbK33PE6OkUCKslM=",
        "owner": "Gerschtli",
        "repo": "dmenu",
        "rev": "d738151c4cd546bb7d0f8baaf8d925eab6a75fd8",
        "type": "github"
      },
      "original": {
        "owner": "Gerschtli",
        "repo": "dmenu",
        "type": "github"
      }
    },
    "dwm": {
      "inputs": {
        "nixpkgs": [
          "nixpkgs"
        ]
      },
      "locked": {
        "lastModified": 1636928517,
        "narHash": "sha256-ItSLQBHZu8fUjzDx+/h3HcS2hmKD1RLXnKanHzMy5DQ=",
        "owner": "Gerschtli",
        "repo": "dwm",
        "rev": "62a0735771e6d400266709afbadfd068e388a36b",
        "type": "github"
      },
      "original": {
        "owner": "Gerschtli",
        "repo": "dwm",
        "type": "github"
      }
    },
    "dwm-status": {
      "inputs": {
        "naersk": "naersk",
        "nixpkgs": [
          "nixpkgs"
        ]
      },
      "locked": {
        "lastModified": 1638024957,
        "narHash": "sha256-WiKJgmNKWaO46+X/4hRzYtI8od9NtFG2khBDEKiUSFI=",
        "owner": "Gerschtli",
        "repo": "dwm-status",
        "rev": "ed8fd249cf067eeeee8d7c63644df9c4da09f367",
        "type": "github"
      },
      "original": {
        "owner": "Gerschtli",
        "repo": "dwm-status",
        "type": "github"
      }
    },
    "flake-utils": {
      "locked": {
        "lastModified": 1638122382,
        "narHash": "sha256-sQzZzAbvKEqN9s0bzWuYmRaA03v40gaJ4+iL1LXjaeI=",
        "owner": "numtide",
        "repo": "flake-utils",
        "rev": "74f7e4319258e287b0f9cb95426c9853b282730b",
        "type": "github"
      },
      "original": {
        "owner": "numtide",
        "repo": "flake-utils",
        "type": "github"
      }
    },
    "home-manager": {
      "inputs": {
        "nixpkgs": [
          "nixpkgs"
        ]
      },
      "locked": {
        "lastModified": 1637917894,
        "narHash": "sha256-mzkyjq+OW1K5XHG43zrnjJX/K1ehahVWlKjMzWX/Vvg=",
        "owner": "nix-community",
        "repo": "home-manager",
        "rev": "7efd99ef876c220848553ae10218685d5e5d79cb",
        "type": "github"
      },
      "original": {
        "owner": "nix-community",
        "ref": "release-21.05",
        "repo": "home-manager",
        "type": "github"
      }
    },
    "homeage": {
      "inputs": {
        "nixpkgs": [
          "nixpkgs"
        ]
      },
      "locked": {
        "lastModified": 1636555271,
        "narHash": "sha256-zd+HYcZW3PBTKC0eEHhMUHPw/hBJWW+hBLibtA3hgnU=",
        "owner": "Gerschtli",
        "repo": "homeage",
        "rev": "b0112bb14610a397d5f033ca23e5fbff2095fe03",
        "type": "github"
      },
      "original": {
        "owner": "Gerschtli",
        "ref": "support-script",
        "repo": "homeage",
        "type": "github"
      }
    },
    "mozilla": {
      "flake": false,
      "locked": {
        "lastModified": 1603906276,
        "narHash": "sha256-RsNPnEKd7BcogwkqhaV5kI/HuNC4flH/OQCC/4W5y/8=",
        "owner": "mozilla",
        "repo": "nixpkgs-mozilla",
        "rev": "8c007b60731c07dd7a052cce508de3bb1ae849b4",
        "type": "github"
      },
      "original": {
        "owner": "mozilla",
        "repo": "nixpkgs-mozilla",
        "type": "github"
      }
    },
    "naersk": {
      "inputs": {
        "nixpkgs": "nixpkgs"
      },
      "locked": {
        "lastModified": 1635777496,
        "narHash": "sha256-8y2gyBTD0CMYbiTlmpLNEtvC7c/Al4qIToHTXN0L4kU=",
        "owner": "nmattia",
        "repo": "naersk",
        "rev": "5bed2dbf074d95627a9c35bf262eb577ade97bb9",
        "type": "github"
      },
      "original": {
        "owner": "nmattia",
        "repo": "naersk",
        "type": "github"
      }
    },
    "nix-on-droid": {
      "inputs": {
        "flake-utils": "flake-utils",
        "home-manager": [
          "home-manager"
        ],
        "nixpkgs": [
          "nixpkgs"
        ]
      },
      "locked": {
        "lastModified": 1638138546,
        "narHash": "sha256-RVt7Mo4HIw3MbHFqM1YSDU/PzZKezfO6NuPdcTO6qfs=",
        "owner": "t184256",
        "repo": "nix-on-droid",
        "rev": "6b9e3fbbec5b45da45883aea5a360e7919d5a9f0",
        "type": "github"
      },
      "original": {
        "owner": "t184256",
        "repo": "nix-on-droid",
        "type": "github"
      }
    },
    "nixpkgs": {
      "locked": {
        "lastModified": 1636058788,
        "narHash": "sha256-ocFCDShRHIhNBxPJo9ir9G+2rUwP2kTAIxng3Pq8fdE=",
        "owner": "NixOS",
        "repo": "nixpkgs",
        "rev": "e64d83d29b8940458a2d0335ef7c4ba11c37f67f",
        "type": "github"
      },
      "original": {
        "id": "nixpkgs",
        "type": "indirect"
      }
    },
    "nixpkgs-for-jdk15": {
      "locked": {
        "lastModified": 1618520132,
        "narHash": "sha256-34efLXUJTptdBNFs6HIwy9uXy/piYscFDMETSvXzXqw=",
        "owner": "NixOS",
        "repo": "nixpkgs",
        "rev": "df175b7f61d852dc599fe248b1a8666c312457bd",
        "type": "github"
      },
      "original": {
        "owner": "NixOS",
        "repo": "nixpkgs",
        "rev": "df175b7f61d852dc599fe248b1a8666c312457bd",
        "type": "github"
      }
    },
    "nixpkgs_2": {
      "locked": {
        "lastModified": 1637973395,
        "narHash": "sha256-wp/QgsnnKJAIMZeQgJT1bWQ/OutZ+80lHwtpYAUWDfE=",
        "owner": "NixOS",
        "repo": "nixpkgs",
        "rev": "4f37689c8a219a9d756c5ff38525ad09349f422f",
        "type": "github"
      },
      "original": {
        "owner": "NixOS",
        "ref": "nixos-21.05",
        "repo": "nixpkgs",
        "type": "github"
      }
    },
    "root": {
      "inputs": {
        "agenix": "agenix",
        "agenix-cli": "agenix-cli",
        "dmenu": "dmenu",
        "dwm": "dwm",
        "dwm-status": "dwm-status",
        "home-manager": "home-manager",
        "homeage": "homeage",
        "nix-on-droid": "nix-on-droid",
        "nixpkgs": "nixpkgs_2",
        "nixpkgs-for-jdk15": "nixpkgs-for-jdk15",
        "teamspeak-update-notifier": "teamspeak-update-notifier",
        "unstable": "unstable"
      }
    },
    "teamspeak-update-notifier": {
      "inputs": {
        "nixpkgs": [
          "nixpkgs"
        ]
      },
      "locked": {
        "lastModified": 1637445023,
        "narHash": "sha256-OwT5WkWWXD0Eb1pESzfP4gkwODJ46GDP9nUf4DMQSp4=",
        "owner": "Gerschtli",
        "repo": "teamspeak-update-notifier",
        "rev": "8d42fc19e739db0431ba92bc0b4e1d745c4c8559",
        "type": "github"
      },
      "original": {
        "owner": "Gerschtli",
        "repo": "teamspeak-update-notifier",
        "type": "github"
      }
    },
    "unstable": {
      "locked": {
        "lastModified": 1638097282,
        "narHash": "sha256-EXCzj9b8X/lqDPJapxZThIOKL5ASbpsJZ+8L1LnY1ig=",
        "owner": "NixOS",
        "repo": "nixpkgs",
        "rev": "78cb77b29d37a9663e05b61abb4fa09465da4b70",
        "type": "github"
      },
      "original": {
        "owner": "NixOS",
        "ref": "nixpkgs-unstable",
        "repo": "nixpkgs",
        "type": "github"
      }
    }
  },
  "root": "root",
  "version": 7
}
